
Microsoft Visual Studio Solution File, Format Version 12.00
Project("{FAE04EC0-301F-11D3-BF4B-00C04F79EFBC}") = "DemoWebApp", "DemoWebApp\DemoWebApp.csproj", "{3BD9CA8D-B18A-4982-86E6-6A488D73A708}"
EndProject
Global
	GlobalSection(SolutionConfigurationPlatforms) = preSolution
		Debug|Any CPU = Debug|Any CPU
		Release|Any CPU = Release|Any CPU
	EndGlobalSection
	GlobalSection(ProjectConfigurationPlatforms) = postSolution
		{3BD9CA8D-B18A-4982-86E6-6A488D73A708}.Debug|Any CPU.ActiveCfg = Debug|Any CPU
		{3BD9CA8D-B18A-4982-86E6-6A488D73A708}.Debug|Any CPU.Build.0 = Debug|Any CPU
		{3BD9CA8D-B18A-4982-86E6-6A488D73A708}.Release|Any CPU.ActiveCfg = Release|Any CPU
		{3BD9CA8D-B18A-4982-86E6-6A488D73A708}.Release|Any CPU.Build.0 = Release|Any CPU
	EndGlobalSection
EndGlobal
